
Microsoft Visual Studio Solution File, Format Version 12.00
# Visual Studio Version 17
VisualStudioVersion = 17.5.33414.496
MinimumVisualStudioVersion = 10.0.40219.1
Project("{FAE04EC0-301F-11D3-BF4B-00C04F79EFBC}") = "TalendVerification", "TalendVerification\TalendVerification.csproj", "{515C310C-F2E5-40B6-B1A7-329F1B317145}"
EndProject
Global
	GlobalSection(SolutionConfigurationPlatforms) = preSolution
		Debug|Any CPU = Debug|Any CPU
		Release|Any CPU = Release|Any CPU
	EndGlobalSection
	GlobalSection(ProjectConfigurationPlatforms) = postSolution
		{515C310C-F2E5-40B6-B1A7-329F1B317145}.Debug|Any CPU.ActiveCfg = Debug|Any CPU
		{515C310C-F2E5-40B6-B1A7-329F1B317145}.Debug|Any CPU.Build.0 = Debug|Any CPU
		{515C310C-F2E5-40B6-B1A7-329F1B317145}.Release|Any CPU.ActiveCfg = Release|Any CPU
		{515C310C-F2E5-40B6-B1A7-329F1B317145}.Release|Any CPU.Build.0 = Release|Any CPU
	EndGlobalSection
	GlobalSection(SolutionProperties) = preSolution
		HideSolutionNode = FALSE
	EndGlobalSection
	GlobalSection(ExtensibilityGlobals) = postSolution
		SolutionGuid = {ADFDA498-558A-41B1-856E-536DDDA038BB}
	EndGlobalSection
EndGlobal
